
Microsoft Visual Studio Solution File, Format Version 12.00
Project("{FAE04EC0-301F-11D3-BF4B-00C04F79EFBC}") = "ConvertX.To.API", "src\Presentation\ConvertX.To.API\ConvertX.To.API.csproj", "{98510611-4B8C-4D22-AA86-180150D2E5CE}"
EndProject
Project("{2150E333-8FDC-42A3-9474-1A3956D46DE8}") = "Source", "Source", "{C6446DD2-CEF3-4FE9-94E1-AD325DA33AEF}"
EndProject
Project("{2150E333-8FDC-42A3-9474-1A3956D46DE8}") = "Presentation", "Presentation", "{11747D94-17E3-46EE-904A-2B52B4365AB5}"
EndProject
Project("{2150E333-8FDC-42A3-9474-1A3956D46DE8}") = "Core", "Core", "{5775633C-19E9-4621-997C-0CDA8A8B5DB1}"
EndProject
Project("{FAE04EC0-301F-11D3-BF4B-00C04F79EFBC}") = "ConvertX.To.Application", "src\Core\ConvertX.To.Application\ConvertX.To.Application.csproj", "{344EAFF9-1C0C-4617-962B-97274626437B}"
EndProject
Project("{FAE04EC0-301F-11D3-BF4B-00C04F79EFBC}") = "ConvertX.To.Domain", "src\Core\ConvertX.To.Domain\ConvertX.To.Domain.csproj", "{B4FA6E9C-B3D5-49D2-9C60-1F4AF631D917}"
EndProject
Project("{FAE04EC0-301F-11D3-BF4B-00C04F79EFBC}") = "ConvertX.To.Infrastructure.Persistence", "src\Infrastructure\ConvertX.To.Infrastructure.Persistence\ConvertX.To.Infrastructure.Persistence.csproj", "{3B182171-CDBE-443C-8326-CD878ABE8B7A}"
EndProject
Project("{FAE04EC0-301F-11D3-BF4B-00C04F79EFBC}") = "ConvertX.To.Infrastructure.Shared", "src\Infrastructure\ConvertX.To.Infrastructure.Shared\ConvertX.To.Infrastructure.Shared.csproj", "{0582034A-5701-466C-95CE-7AF3AE4B3B1F}"
EndProject
Project("{2150E333-8FDC-42A3-9474-1A3956D46DE8}") = "Infrastructure", "Infrastructure", "{B4D68FFA-6C96-4E93-995B-0646F203C0D0}"
EndProject
Project("{FAE04EC0-301F-11D3-BF4B-00C04F79EFBC}") = "ConvertX.To.API.Contracts", "src\Presentation\ConvertX.To.API.Contracts\ConvertX.To.API.Contracts.csproj", "{0C6C0E84-42F4-4232-B814-9756BCF6FCAB}"
EndProject
Project("{FAE04EC0-301F-11D3-BF4B-00C04F79EFBC}") = "ConvertX.To.ConsoleViaEngine", "src\Presentation\ConvertX.To.ConsoleViaEngine\ConvertX.To.ConsoleViaEngine.csproj", "{6F6B9D95-0FB4-421E-8A4C-069613867F91}"
EndProject
Project("{FAE04EC0-301F-11D3-BF4B-00C04F79EFBC}") = "ConvertX.To.ConsoleUI", "src\Presentation\ConvertX.To.ConsoleUI\ConvertX.To.ConsoleUI.csproj", "{AA535B52-A5BB-4756-93FD-DFEB79B4D8B8}"
EndProject
Global
	GlobalSection(SolutionConfigurationPlatforms) = preSolution
		Debug|Any CPU = Debug|Any CPU
		Release|Any CPU = Release|Any CPU
	EndGlobalSection
	GlobalSection(ProjectConfigurationPlatforms) = postSolution
		{98510611-4B8C-4D22-AA86-180150D2E5CE}.Debug|Any CPU.ActiveCfg = Debug|Any CPU
		{98510611-4B8C-4D22-AA86-180150D2E5CE}.Debug|Any CPU.Build.0 = Debug|Any CPU
		{98510611-4B8C-4D22-AA86-180150D2E5CE}.Release|Any CPU.ActiveCfg = Release|Any CPU
		{98510611-4B8C-4D22-AA86-180150D2E5CE}.Release|Any CPU.Build.0 = Release|Any CPU
		{344EAFF9-1C0C-4617-962B-97274626437B}.Debug|Any CPU.ActiveCfg = Debug|Any CPU
		{344EAFF9-1C0C-4617-962B-97274626437B}.Debug|Any CPU.Build.0 = Debug|Any CPU
		{344EAFF9-1C0C-4617-962B-97274626437B}.Release|Any CPU.ActiveCfg = Release|Any CPU
		{344EAFF9-1C0C-4617-962B-97274626437B}.Release|Any CPU.Build.0 = Release|Any CPU
		{B4FA6E9C-B3D5-49D2-9C60-1F4AF631D917}.Debug|Any CPU.ActiveCfg = Debug|Any CPU
		{B4FA6E9C-B3D5-49D2-9C60-1F4AF631D917}.Debug|Any CPU.Build.0 = Debug|Any CPU
		{B4FA6E9C-B3D5-49D2-9C60-1F4AF631D917}.Release|Any CPU.ActiveCfg = Release|Any CPU
		{B4FA6E9C-B3D5-49D2-9C60-1F4AF631D917}.Release|Any CPU.Build.0 = Release|Any CPU
		{3B182171-CDBE-443C-8326-CD878ABE8B7A}.Debug|Any CPU.ActiveCfg = Debug|Any CPU
		{3B182171-CDBE-443C-8326-CD878ABE8B7A}.Debug|Any CPU.Build.0 = Debug|Any CPU
		{3B182171-CDBE-443C-8326-CD878ABE8B7A}.Release|Any CPU.ActiveCfg = Release|Any CPU
		{3B182171-CDBE-443C-8326-CD878ABE8B7A}.Release|Any CPU.Build.0 = Release|Any CPU
		{0582034A-5701-466C-95CE-7AF3AE4B3B1F}.Debug|Any CPU.ActiveCfg = Debug|Any CPU
		{0582034A-5701-466C-95CE-7AF3AE4B3B1F}.Debug|Any CPU.Build.0 = Debug|Any CPU
		{0582034A-5701-466C-95CE-7AF3AE4B3B1F}.Release|Any CPU.ActiveCfg = Release|Any CPU
		{0582034A-5701-466C-95CE-7AF3AE4B3B1F}.Release|Any CPU.Build.0 = Release|Any CPU
		{0C6C0E84-42F4-4232-B814-9756BCF6FCAB}.Debug|Any CPU.ActiveCfg = Debug|Any CPU
		{0C6C0E84-42F4-4232-B814-9756BCF6FCAB}.Debug|Any CPU.Build.0 = Debug|Any CPU
		{0C6C0E84-42F4-4232-B814-9756BCF6FCAB}.Release|Any CPU.ActiveCfg = Release|Any CPU
		{0C6C0E84-42F4-4232-B814-9756BCF6FCAB}.Release|Any CPU.Build.0 = Release|Any CPU
		{6F6B9D95-0FB4-421E-8A4C-069613867F91}.Debug|Any CPU.ActiveCfg = Debug|Any CPU
		{6F6B9D95-0FB4-421E-8A4C-069613867F91}.Debug|Any CPU.Build.0 = Debug|Any CPU
		{6F6B9D95-0FB4-421E-8A4C-069613867F91}.Release|Any CPU.ActiveCfg = Release|Any CPU
		{6F6B9D95-0FB4-421E-8A4C-069613867F91}.Release|Any CPU.Build.0 = Release|Any CPU
		{AA535B52-A5BB-4756-93FD-DFEB79B4D8B8}.Debug|Any CPU.ActiveCfg = Debug|Any CPU
		{AA535B52-A5BB-4756-93FD-DFEB79B4D8B8}.Debug|Any CPU.Build.0 = Debug|Any CPU
		{AA535B52-A5BB-4756-93FD-DFEB79B4D8B8}.Release|Any CPU.ActiveCfg = Release|Any CPU
		{AA535B52-A5BB-4756-93FD-DFEB79B4D8B8}.Release|Any CPU.Build.0 = Release|Any CPU
	EndGlobalSection
	GlobalSection(NestedProjects) = preSolution
		{11747D94-17E3-46EE-904A-2B52B4365AB5} = {C6446DD2-CEF3-4FE9-94E1-AD325DA33AEF}
		{5775633C-19E9-4621-997C-0CDA8A8B5DB1} = {C6446DD2-CEF3-4FE9-94E1-AD325DA33AEF}
		{98510611-4B8C-4D22-AA86-180150D2E5CE} = {11747D94-17E3-46EE-904A-2B52B4365AB5}
		{344EAFF9-1C0C-4617-962B-97274626437B} = {5775633C-19E9-4621-997C-0CDA8A8B5DB1}
		{B4FA6E9C-B3D5-49D2-9C60-1F4AF631D917} = {5775633C-19E9-4621-997C-0CDA8A8B5DB1}
		{B4D68FFA-6C96-4E93-995B-0646F203C0D0} = {C6446DD2-CEF3-4FE9-94E1-AD325DA33AEF}
		{3B182171-CDBE-443C-8326-CD878ABE8B7A} = {B4D68FFA-6C96-4E93-995B-0646F203C0D0}
		{0582034A-5701-466C-95CE-7AF3AE4B3B1F} = {B4D68FFA-6C96-4E93-995B-0646F203C0D0}
		{0C6C0E84-42F4-4232-B814-9756BCF6FCAB} = {11747D94-17E3-46EE-904A-2B52B4365AB5}
		{6F6B9D95-0FB4-421E-8A4C-069613867F91} = {11747D94-17E3-46EE-904A-2B52B4365AB5}
		{AA535B52-A5BB-4756-93FD-DFEB79B4D8B8} = {11747D94-17E3-46EE-904A-2B52B4365AB5}
	EndGlobalSection
EndGlobal
